
Microsoft Visual Studio Solution File, Format Version 12.00
# Visual Studio 15
VisualStudioVersion = 15.0.28307.421
MinimumVisualStudioVersion = 10.0.40219.1
Project("{FAE04EC0-301F-11D3-BF4B-00C04F79EFBC}") = "FunctionalPrograms", "FunctionalPrograms.csproj", "{254C5316-180C-425E-8A7A-E8DD22048937}"
EndProject
Global
	GlobalSection(SolutionConfigurationPlatforms) = preSolution
		Debug|Any CPU = Debug|Any CPU
		Release|Any CPU = Release|Any CPU
	EndGlobalSection
	GlobalSection(ProjectConfigurationPlatforms) = postSolution
		{254C5316-180C-425E-8A7A-E8DD22048937}.Debug|Any CPU.ActiveCfg = Debug|Any CPU
		{254C5316-180C-425E-8A7A-E8DD22048937}.Debug|Any CPU.Build.0 = Debug|Any CPU
		{254C5316-180C-425E-8A7A-E8DD22048937}.Release|Any CPU.ActiveCfg = Release|Any CPU
		{254C5316-180C-425E-8A7A-E8DD22048937}.Release|Any CPU.Build.0 = Release|Any CPU
	EndGlobalSection
	GlobalSection(SolutionProperties) = preSolution
		HideSolutionNode = FALSE
	EndGlobalSection
	GlobalSection(ExtensibilityGlobals) = postSolution
		SolutionGuid = {02945572-2657-4FA8-8BAF-790D5C250DD4}
	EndGlobalSection
EndGlobal
